{
    "_meta": {
        "hash": {
            "sha256": "6dd8a3aa1c422ca3855e0c0a3447088a3080101c910dd2ec337c96b58411c452"
        },
        "pipfile-spec": 6,
        "requires": {
            "python_version": "3.9"
        },
        "sources": [
            {
                "name": "pypi",
                "url": "https://pypi.org/simple",
                "verify_ssl": true
            }
        ]
    },
    "default": {},
    "develop": {
        "attrs": {
            "hashes": [
                "sha256:2d27e3784d7a565d36ab851fe94887c5eccd6a463168875832a1be79c82828b4",
                "sha256:626ba8234211db98e869df76230a137c4c40a12d72445c45d5f5b716f076e2fd"
            ],
            "markers": "python_version >= '2.7' and python_version not in '3.0, 3.1, 3.2, 3.3, 3.4'",
            "version": "==21.4.0"
        },
        "bleach": {
            "hashes": [
                "sha256:0900d8b37eba61a802ee40ac0061f8c2b5dee29c1927dd1d233e075ebf5a71da",
                "sha256:4d2651ab93271d1129ac9cbc679f524565cc8a1b791909c4a51eac4446a15994"
            ],
            "markers": "python_version >= '3.6'",
            "version": "==4.1.0"
        },
        "certifi": {
            "hashes": [
                "sha256:78884e7c1d4b00ce3cea67b44566851c4343c120abd683433ce934a68ea58872",
                "sha256:d62a0163eb4c2344ac042ab2bdf75399a71a2d8c7d47eac2e2ee91b9d6339569"
            ],
            "version": "==2021.10.8"
        },
        "charset-normalizer": {
            "hashes": [
                "sha256:876d180e9d7432c5d1dfd4c5d26b72f099d503e8fcc0feb7532c9289be60fcbd",
                "sha256:cb957888737fc0bbcd78e3df769addb41fd1ff8cf950dc9e7ad7793f1bf44455"
            ],
            "markers": "python_version >= '3'",
            "version": "==2.0.10"
        },
        "cmake": {
            "hashes": [
                "sha256:153ab8c7d8bb6a0b6741a247ea89c3f269105e91b52cf44d7c51394193a3a94f",
                "sha256:1a8023e21b538520b75c0166236164ae9ae08ac0b3edcc2aeafd436030aaae0d",
                "sha256:33d081e76237c38cf115f7eecdaa277d914e4a57afbeb93229de293fc1418cfd",
                "sha256:360eb0ab90e5ba08ab651bf088e7bd56f2c41022e5cde5e9caef274f1466f133",
                "sha256:493e436ac33ddb39238999f5c04c5767a1eec9c15b2e1284222cff067d2a8901",
                "sha256:5135c2039fd5e147857ea3aceefea5de00cfdd9f911f94fc987f35cd5b0b71af",
                "sha256:55e7d61e48492f9a7561b4849ef0287dd858c76dd70a22b47b5c71b8d8ebdd5c",
                "sha256:609fe01e8b8241f4190f28d3e71f189c2272e7d7739568443b35fe1b0dea6494",
                "sha256:75d1573037748d5be4c73a51ef1a338bf21757aaddef5b532abf33f4333cd3ae",
                "sha256:99cd7a3a33f6b78cb211334e120ed8d22f80c614d349e2b93fd958e0e9b89f7e",
                "sha256:aef8619108fe43abc92782faf63d26b63fc56a5ab956de9c8b5d72240c800512",
                "sha256:bf7718fe37c755a1430099149cd23099dc024868c42cab9db2b6c8fe8a11c881",
                "sha256:d6f78f6e6f728e08a9f330942d8175f8234051328f8e060e2e5155f12f6edf0a",
                "sha256:dc9339db41ca0c208c082df3fb8ecb2ef62e38af5a9ccc0fe3ce2d91aa8eb2e8",
                "sha256:e33657f8c2e49e8dc4f1714a94c1fc6a74656001f1ee2187c4f7e9f1ed641860",
                "sha256:f4bd2d162d81419c8310062913b574836e5bb04edf639cc25b5a7d4020a3a572"
            ],
            "index": "pypi",
            "version": "==3.22.1"
        },
        "colorama": {
            "hashes": [
                "sha256:5941b2b48a20143d2267e95b1c2a7603ce057ee39fd88e7329b0c292aa16869b",
                "sha256:9f47eda37229f68eee03b24b9748937c7dc3868f906e8ba69fbcbdd3bc5dc3e2"
            ],
            "markers": "python_version >= '2.7' and python_version not in '3.0, 3.1, 3.2, 3.3, 3.4'",
            "version": "==0.4.4"
        },
        "distlib": {
            "hashes": [
                "sha256:6564fe0a8f51e734df6333d08b8b94d4ea8ee6b99b5ed50613f731fd4089f34b",
                "sha256:e4b58818180336dc9c529bfb9a0b58728ffc09ad92027a3f30b7cd91e3458579"
            ],
            "version": "==0.3.4"
        },
        "distro": {
            "hashes": [
                "sha256:83f5e5a09f9c5f68f60173de572930effbcc0287bb84fdc4426cb4168c088424",
                "sha256:c8713330ab31a034623a9515663ed87696700b55f04556b97c39cd261aa70dc7"
            ],
            "version": "==1.6.0"
        },
        "docutils": {
            "hashes": [
                "sha256:23010f129180089fbcd3bc08cfefccb3b890b0050e1ca00c867036e9d161b98c",
                "sha256:679987caf361a7539d76e584cbeddc311e3aee937877c87346f31debc63e9d06"
            ],
            "markers": "python_version >= '2.7' and python_version not in '3.0, 3.1, 3.2, 3.3, 3.4'",
            "version": "==0.18.1"
        },
        "filelock": {
            "hashes": [
                "sha256:38b4f4c989f9d06d44524df1b24bd19e167d851f19b50bf3e3559952dddc5b80",
                "sha256:cf0fc6a2f8d26bd900f19bf33915ca70ba4dd8c56903eeb14e1e7a2fd7590146"
            ],
            "markers": "python_version >= '3.7'",
            "version": "==3.4.2"
        },
        "idna": {
            "hashes": [
                "sha256:84d9dd047ffa80596e0f246e2eab0b391788b0503584e8945f2368256d2735ff",
                "sha256:9d643ff0a55b762d5cdb124b8eaa99c66322e2157b69160bc32796e824360e6d"
            ],
            "markers": "python_version >= '3'",
            "version": "==3.3"
        },
        "importlib-metadata": {
            "hashes": [
                "sha256:92a8b58ce734b2a4494878e0ecf7d79ccd7a128b5fc6014c401e0b61f006f0f6",
                "sha256:b7cf7d3fef75f1e4c80a96ca660efbd51473d7e8f39b5ab9210febc7809012a4"
            ],
            "markers": "python_version >= '3.7'",
            "version": "==4.10.0"
        },
        "iniconfig": {
            "hashes": [
                "sha256:011e24c64b7f47f6ebd835bb12a743f2fbe9a26d4cecaa7f53bc4f35ee9da8b3",
                "sha256:bc3af051d7d14b2ee5ef9969666def0cd1a000e121eaea580d4a313df4b37f32"
            ],
            "version": "==1.1.1"
        },
        "keyring": {
            "hashes": [
                "sha256:9012508e141a80bd1c0b6778d5c610dd9f8c464d75ac6774248500503f972fb9",
                "sha256:b0d28928ac3ec8e42ef4cc227822647a19f1d544f21f96457965dc01cf555261"
            ],
            "markers": "python_version >= '3.7'",
            "version": "==23.5.0"
        },
        "ninja": {
            "hashes": [
                "sha256:0560eea57199e41e86ac2c1af0108b63ae77c3ca4d05a9425a750e908135935a",
                "sha256:21a1d84d4c7df5881bfd86c25cce4cf7af44ba2b8b255c57bc1c434ec30a2dfc",
                "sha256:279836285975e3519392c93c26e75755e8a8a7fafec9f4ecbb0293119ee0f9c6",
                "sha256:29570a18d697fc84d361e7e6330f0021f34603ae0fcb0ef67ae781e9814aae8d",
                "sha256:5ea785bf6a15727040835256577239fa3cf5da0d60e618c307aa5efc31a1f0ce",
                "sha256:688167841b088b6802e006f911d911ffa925e078c73e8ef2f88286107d3204f8",
                "sha256:6bd76a025f26b9ae507cf8b2b01bb25bb0031df54ed685d85fc559c411c86cf4",
                "sha256:740d61fefb4ca13573704ee8fe89b973d40b8dc2a51aaa4e9e68367233743bb6",
                "sha256:840a0b042d43a8552c4004966e18271ec726e5996578f28345d9ce78e225b67e",
                "sha256:84be6f9ec49f635dc40d4b871319a49fa49b8d55f1d9eae7cd50d8e57ddf7a85",
                "sha256:9ca8dbece144366d5f575ffc657af03eb11c58251268405bc8519d11cf42f113",
                "sha256:cc8b31b5509a2129e4d12a35fc21238c157038022560aaf22e49ef0a77039086",
                "sha256:d5e0275d28997a750a4f445c00bdd357b35cc334c13cdff13edf30e544704fbd",
                "sha256:e1b86ad50d4e681a7dbdff05fc23bb52cb773edb90bc428efba33fa027738408"
            ],
            "index": "pypi",
            "version": "==1.10.2.3"
        },
        "packaging": {
            "hashes": [
                "sha256:dd47c42927d89ab911e606518907cc2d3a1f38bbd026385970643f9c5b8ecfeb",
                "sha256:ef103e05f519cdc783ae24ea4e2e0f508a9c99b2d4969652eed6a2e1ea5bd522"
            ],
            "markers": "python_version >= '3.6'",
            "version": "==21.3"
        },
        "pkginfo": {
            "hashes": [
                "sha256:542e0d0b6750e2e21c20179803e40ab50598d8066d51097a0e382cba9eb02bff",
                "sha256:c24c487c6a7f72c66e816ab1796b96ac6c3d14d49338293d2141664330b55ffc"
            ],
            "version": "==1.8.2"
        },
        "platformdirs": {
            "hashes": [
                "sha256:1d7385c7db91728b83efd0ca99a5afb296cab9d0ed8313a45ed8ba17967ecfca",
                "sha256:440633ddfebcc36264232365d7840a970e75e1018d15b4327d11f91909045fda"
            ],
            "markers": "python_version >= '3.7'",
            "version": "==2.4.1"
        },
        "pluggy": {
            "hashes": [
                "sha256:4224373bacce55f955a878bf9cfa763c1e360858e330072059e10bad68531159",
                "sha256:74134bbf457f031a36d68416e1509f34bd5ccc019f0bcc952c7b909d06b37bd3"
            ],
            "markers": "python_version >= '3.6'",
            "version": "==1.0.0"
        },
        "py": {
            "hashes": [
                "sha256:51c75c4126074b472f746a24399ad32f6053d1b34b68d2fa41e558e6f4a98719",
                "sha256:607c53218732647dff4acdfcd50cb62615cedf612e72d1724fb1a0cc6405b378"
            ],
            "markers": "python_version >= '2.7' and python_version not in '3.0, 3.1, 3.2, 3.3, 3.4'",
            "version": "==1.11.0"
        },
        "pygments": {
            "hashes": [
                "sha256:44238f1b60a76d78fc8ca0528ee429702aae011c265fe6a8dd8b63049ae41c65",
                "sha256:4e426f72023d88d03b2fa258de560726ce890ff3b630f88c21cbb8b2503b8c6a"
            ],
            "markers": "python_version >= '3.5'",
            "version": "==2.11.2"
        },
        "pyparsing": {
            "hashes": [
                "sha256:04ff808a5b90911829c55c4e26f75fa5ca8a2f5f36aa3a51f68e27033341d3e4",
                "sha256:d9bdec0013ef1eb5a84ab39a3b3868911598afa494f5faa038647101504e2b81"
            ],
            "markers": "python_version >= '3.6'",
            "version": "==3.0.6"
        },
        "pytest": {
            "hashes": [
                "sha256:131b36680866a76e6781d13f101efb86cf674ebb9762eb70d3082b6f29889e89",
                "sha256:7310f8d27bc79ced999e760ca304d69f6ba6c6649c0b60fb0e04a4a77cacc134"
            ],
            "index": "pypi",
            "version": "==6.2.5"
        },
        "readme-renderer": {
            "hashes": [
                "sha256:a50a0f2123a4c1145ac6f420e1a348aafefcc9211c846e3d51df05fe3d865b7d",
                "sha256:b512beafa6798260c7d5af3e1b1f097e58bfcd9a575da7c4ddd5e037490a5b85"
            ],
            "markers": "python_version >= '3.6'",
            "version": "==32.0"
        },
        "requests": {
            "hashes": [
                "sha256:68d7c56fd5a8999887728ef304a6d12edc7be74f1cfa47714fc8b414525c9a61",
                "sha256:f22fa1e554c9ddfd16e6e41ac79759e17be9e492b3587efa038054674760e72d"
            ],
            "markers": "python_version >= '2.7' and python_version not in '3.0, 3.1, 3.2, 3.3, 3.4, 3.5'",
            "version": "==2.27.1"
        },
        "requests-toolbelt": {
            "hashes": [
                "sha256:380606e1d10dc85c3bd47bf5a6095f815ec007be7a8b69c878507068df059e6f",
                "sha256:968089d4584ad4ad7c171454f0a5c6dac23971e9472521ea3b6d49d610aa6fc0"
            ],
            "version": "==0.9.1"
        },
        "rfc3986": {
            "hashes": [
                "sha256:50b1502b60e289cb37883f3dfd34532b8873c7de9f49bb546641ce9cbd256ebd",
                "sha256:97aacf9dbd4bfd829baad6e6309fa6573aaf1be3f6fa735c8ab05e46cecb261c"
            ],
            "markers": "python_version >= '3.7'",
            "version": "==2.0.0"
        },
        "scikit-build": {
            "hashes": [
                "sha256:60784b9c02b06ad263c673988ebb6faa269a2acc261bc4233a7cf7655c0213e0",
                "sha256:f851382c469bcd9a8c98b1878bcfdd13b68556279d2fd9a329be41956ae5a7fe"
            ],
            "index": "pypi",
            "version": "==0.12.0"
        },
        "setuptools": {
            "hashes": [
                "sha256:2404879cda71495fc4d5cbc445ed52fdaddf352b36e40be8dcc63147cb4edabe",
                "sha256:68eb94073fc486091447fcb0501efd6560a0e5a1839ba249e5ff3c4c93f05f90"
            ],
            "index": "pypi",
            "version": "==60.5.0"
        },
        "six": {
            "hashes": [
                "sha256:1e61c37477a1626458e36f7b1d82aa5c9b094fa4802892072e49de9c60c4c926",
                "sha256:8abb2f1d86890a2dfb989f9a77cfcfd3e47c2a354b01111771326f8aa26e0254"
            ],
            "markers": "python_version >= '2.7' and python_version not in '3.0, 3.1, 3.2'",
            "version": "==1.16.0"
        },
        "toml": {
            "hashes": [
                "sha256:806143ae5bfb6a3c6e736a764057db0e6a0e05e338b5630894a5f779cabb4f9b",
                "sha256:b3bda1d108d5dd99f4a20d24d9c348e91c4db7ab1b749200bded2f839ccbe68f"
            ],
            "markers": "python_version >= '2.6' and python_version not in '3.0, 3.1, 3.2'",
            "version": "==0.10.2"
        },
        "tox": {
            "hashes": [
                "sha256:67e0e32c90e278251fea45b696d0fef3879089ccbe979b0c556d35d5a70e2993",
                "sha256:be3362472a33094bce26727f5f771ca0facf6dafa217f65875314e9a6600c95c"
            ],
            "index": "pypi",
            "version": "==3.24.5"
        },
        "tqdm": {
            "hashes": [
                "sha256:8dd278a422499cd6b727e6ae4061c40b48fce8b76d1ccbf5d34fca9b7f925b0c",
                "sha256:d359de7217506c9851b7869f3708d8ee53ed70a1b8edbba4dbcb47442592920d"
            ],
            "markers": "python_version >= '2.7' and python_version not in '3.0, 3.1, 3.2, 3.3'",
            "version": "==4.62.3"
        },
        "twine": {
            "hashes": [
                "sha256:28460a3db6b4532bde6a5db6755cf2dce6c5020bada8a641bb2c5c7a9b1f35b8",
                "sha256:8c120845fc05270f9ee3e9d7ebbed29ea840e41f48cd059e04733f7e1d401345"
            ],
            "index": "pypi",
            "version": "==3.7.1"
        },
        "urllib3": {
            "hashes": [
                "sha256:000ca7f471a233c2251c6c7023ee85305721bfdf18621ebff4fd17a8653427ed",
                "sha256:0e7c33d9a63e7ddfcb86780aac87befc2fbddf46c58dbb487e0855f7ceec283c"
            ],
            "markers": "python_version >= '2.7' and python_version not in '3.0, 3.1, 3.2, 3.3, 3.4' and python_version < '4'",
            "version": "==1.26.8"
        },
        "virtualenv": {
            "hashes": [
                "sha256:339f16c4a86b44240ba7223d0f93a7887c3ca04b5f9c8129da7958447d079b09",
                "sha256:d8458cf8d59d0ea495ad9b34c2599487f8a7772d796f9910858376d1600dd2dd"
            ],
            "markers": "python_version >= '2.7' and python_version not in '3.0, 3.1, 3.2, 3.3, 3.4'",
            "version": "==20.13.0"
        },
        "webencodings": {
            "hashes": [
                "sha256:a0af1213f3c2226497a97e2b3aa01a7e4bee4f403f95be16fc9acd2947514a78",
                "sha256:b36a1c245f2d304965eb4e0a82848379241dc04b865afcc4aab16748587e1923"
            ],
            "version": "==0.5.1"
        },
        "wheel": {
            "hashes": [
                "sha256:4bdcd7d840138086126cd09254dc6195fb4fc6f01c050a1d7236f2630db1d22a",
                "sha256:e9a504e793efbca1b8e0e9cb979a249cf4a0a7b5b8c9e8b65a5e39d49529c1c4"
            ],
            "index": "pypi",
            "version": "==0.37.1"
        },
        "zipp": {
            "hashes": [
                "sha256:9f50f446828eb9d45b267433fd3e9da8d801f614129124863f9c51ebceafb87d",
                "sha256:b47250dd24f92b7dd6a0a8fc5244da14608f3ca90a5efcd37a3b1642fac9a375"
            ],
            "markers": "python_version >= '3.7'",
            "version": "==3.7.0"
        }
    }
}
