{
  "requires": true,
  "lockfileVersion": 1,
  "dependencies": {
    "leaflet.geodesic": {
      "version": "2.5.2",
      "resolved": "https://registry.npmjs.org/leaflet.geodesic/-/leaflet.geodesic-2.5.2.tgz",
      "integrity": "sha512-IpN0Odphc8uNsKSzvZqQekA9gmb0A+6jDMs5CHXNo4sD90yVCjMrEed96t6DW/wPpcbqHkhdWqnEbZOTMZnXSg=="
    }
  }
}
